
Microsoft Visual Studio Solution File, Format Version 12.00
# Visual Studio Version 17
VisualStudioVersion = 17.5.33502.453
MinimumVisualStudioVersion = 10.0.40219.1
Project("{FAE04EC0-301F-11D3-BF4B-00C04F79EFBC}") = "Hover", "Hover\Hover.csproj", "{AE6E009A-78DB-4F1A-836D-98856F4A9173}"
EndProject
Global
	GlobalSection(SolutionConfigurationPlatforms) = preSolution
		Debug|Any CPU = Debug|Any CPU
		Release|Any CPU = Release|Any CPU
	EndGlobalSection
	GlobalSection(ProjectConfigurationPlatforms) = postSolution
		{AE6E009A-78DB-4F1A-836D-98856F4A9173}.Debug|Any CPU.ActiveCfg = Debug|Any CPU
		{AE6E009A-78DB-4F1A-836D-98856F4A9173}.Debug|Any CPU.Build.0 = Debug|Any CPU
		{AE6E009A-78DB-4F1A-836D-98856F4A9173}.Release|Any CPU.ActiveCfg = Release|Any CPU
		{AE6E009A-78DB-4F1A-836D-98856F4A9173}.Release|Any CPU.Build.0 = Release|Any CPU
	EndGlobalSection
	GlobalSection(SolutionProperties) = preSolution
		HideSolutionNode = FALSE
	EndGlobalSection
	GlobalSection(ExtensibilityGlobals) = postSolution
		SolutionGuid = {9450276F-A675-4C92-A726-6B5986C1595C}
	EndGlobalSection
EndGlobal
